
Microsoft Visual Studio Solution File, Format Version 12.00
# Visual Studio Version 16
VisualStudioVersion = 16.0.30804.86
MinimumVisualStudioVersion = 10.0.40219.1
Project("{FAE04EC0-301F-11D3-BF4B-00C04F79EFBC}") = "FaceMask", "FaceMask\FaceMask.csproj", "{6660C4C2-B400-4B99-851C-20BB01DD2CC4}"
EndProject
Global
	GlobalSection(SolutionConfigurationPlatforms) = preSolution
		Debug|Any CPU = Debug|Any CPU
		Release|Any CPU = Release|Any CPU
	EndGlobalSection
	GlobalSection(ProjectConfigurationPlatforms) = postSolution
		{6660C4C2-B400-4B99-851C-20BB01DD2CC4}.Debug|Any CPU.ActiveCfg = Debug|Any CPU
		{6660C4C2-B400-4B99-851C-20BB01DD2CC4}.Debug|Any CPU.Build.0 = Debug|Any CPU
		{6660C4C2-B400-4B99-851C-20BB01DD2CC4}.Release|Any CPU.ActiveCfg = Release|Any CPU
		{6660C4C2-B400-4B99-851C-20BB01DD2CC4}.Release|Any CPU.Build.0 = Release|Any CPU
	EndGlobalSection
	GlobalSection(SolutionProperties) = preSolution
		HideSolutionNode = FALSE
	EndGlobalSection
	GlobalSection(ExtensibilityGlobals) = postSolution
		SolutionGuid = {3F6E0E47-2D62-4B4E-AA1F-7FCD15C2DF65}
	EndGlobalSection
EndGlobal
